
Microsoft Visual Studio Solution File, Format Version 12.00
# Visual Studio 15
VisualStudioVersion = 15.0.26430.16
MinimumVisualStudioVersion = 10.0.40219.1
Project("{FAE04EC0-301F-11D3-BF4B-00C04F79EFBC}") = "Skypiea", "Skypiea\Skypiea\Skypiea.csproj", "{D1FB9F68-D953-4250-AB6F-AFEDC2ED9E1C}"
EndProject
Project("{FAE04EC0-301F-11D3-BF4B-00C04F79EFBC}") = "Flai.Android", "Flai.Android\Flai.Android.csproj", "{7BBF7013-CCCA-457F-ACA7-36533178DD10}"
EndProject
Project("{FAE04EC0-301F-11D3-BF4B-00C04F79EFBC}") = "Flai.Android2", "Flai.Android2\Flai.Android2.csproj", "{D4CF7F87-55D9-47E1-9EB5-DA5B9656C5FB}"
EndProject
Global
	GlobalSection(SolutionConfigurationPlatforms) = preSolution
		Debug|Any CPU = Debug|Any CPU
		Release|Any CPU = Release|Any CPU
	EndGlobalSection
	GlobalSection(ProjectConfigurationPlatforms) = postSolution
		{D1FB9F68-D953-4250-AB6F-AFEDC2ED9E1C}.Debug|Any CPU.ActiveCfg = Debug|Any CPU
		{D1FB9F68-D953-4250-AB6F-AFEDC2ED9E1C}.Debug|Any CPU.Build.0 = Debug|Any CPU
		{D1FB9F68-D953-4250-AB6F-AFEDC2ED9E1C}.Debug|Any CPU.Deploy.0 = Debug|Any CPU
		{D1FB9F68-D953-4250-AB6F-AFEDC2ED9E1C}.Release|Any CPU.ActiveCfg = Release|Any CPU
		{D1FB9F68-D953-4250-AB6F-AFEDC2ED9E1C}.Release|Any CPU.Build.0 = Release|Any CPU
		{D1FB9F68-D953-4250-AB6F-AFEDC2ED9E1C}.Release|Any CPU.Deploy.0 = Release|Any CPU
		{7BBF7013-CCCA-457F-ACA7-36533178DD10}.Debug|Any CPU.ActiveCfg = Debug|Any CPU
		{7BBF7013-CCCA-457F-ACA7-36533178DD10}.Debug|Any CPU.Build.0 = Debug|Any CPU
		{7BBF7013-CCCA-457F-ACA7-36533178DD10}.Release|Any CPU.ActiveCfg = Release|Any CPU
		{7BBF7013-CCCA-457F-ACA7-36533178DD10}.Release|Any CPU.Build.0 = Release|Any CPU
		{D4CF7F87-55D9-47E1-9EB5-DA5B9656C5FB}.Debug|Any CPU.ActiveCfg = Debug|Any CPU
		{D4CF7F87-55D9-47E1-9EB5-DA5B9656C5FB}.Debug|Any CPU.Build.0 = Debug|Any CPU
		{D4CF7F87-55D9-47E1-9EB5-DA5B9656C5FB}.Release|Any CPU.ActiveCfg = Release|Any CPU
		{D4CF7F87-55D9-47E1-9EB5-DA5B9656C5FB}.Release|Any CPU.Build.0 = Release|Any CPU
	EndGlobalSection
	GlobalSection(SolutionProperties) = preSolution
		HideSolutionNode = FALSE
	EndGlobalSection
EndGlobal
