
Microsoft Visual Studio Solution File, Format Version 12.00
# Visual Studio 15
VisualStudioVersion = 15.0.26430.16
MinimumVisualStudioVersion = 10.0.40219.1
Project("{FAE04EC0-301F-11D3-BF4B-00C04F79EFBC}") = "Skypiea", "Skypiea\Skypiea\Skypiea.csproj", "{D1FB9F68-D953-4250-AB6F-AFEDC2ED9E1C}"
EndProject
Project("{FAE04EC0-301F-11D3-BF4B-00C04F79EFBC}") = "Flai.Android", "Flai.Android\Flai.Android.csproj", "{DD0EFE5B-1BA5-4195-8B74-07EA8D9962D9}"
EndProject
Global
	GlobalSection(SolutionConfigurationPlatforms) = preSolution
		Debug|Any CPU = Debug|Any CPU
		Release|Any CPU = Release|Any CPU
	EndGlobalSection
	GlobalSection(ProjectConfigurationPlatforms) = postSolution
		{D1FB9F68-D953-4250-AB6F-AFEDC2ED9E1C}.Debug|Any CPU.ActiveCfg = Debug|Any CPU
		{D1FB9F68-D953-4250-AB6F-AFEDC2ED9E1C}.Debug|Any CPU.Build.0 = Debug|Any CPU
		{D1FB9F68-D953-4250-AB6F-AFEDC2ED9E1C}.Debug|Any CPU.Deploy.0 = Debug|Any CPU
		{D1FB9F68-D953-4250-AB6F-AFEDC2ED9E1C}.Release|Any CPU.ActiveCfg = Release|Any CPU
		{D1FB9F68-D953-4250-AB6F-AFEDC2ED9E1C}.Release|Any CPU.Build.0 = Release|Any CPU
		{D1FB9F68-D953-4250-AB6F-AFEDC2ED9E1C}.Release|Any CPU.Deploy.0 = Release|Any CPU
		{DD0EFE5B-1BA5-4195-8B74-07EA8D9962D9}.Debug|Any CPU.ActiveCfg = Debug|Any CPU
		{DD0EFE5B-1BA5-4195-8B74-07EA8D9962D9}.Debug|Any CPU.Build.0 = Debug|Any CPU
		{DD0EFE5B-1BA5-4195-8B74-07EA8D9962D9}.Release|Any CPU.ActiveCfg = Release|Any CPU
		{DD0EFE5B-1BA5-4195-8B74-07EA8D9962D9}.Release|Any CPU.Build.0 = Release|Any CPU
	EndGlobalSection
	GlobalSection(SolutionProperties) = preSolution
		HideSolutionNode = FALSE
	EndGlobalSection
EndGlobal
