
Microsoft Visual Studio Solution File, Format Version 12.00
# Visual Studio 2012
Project("{FAE04EC0-301F-11D3-BF4B-00C04F79EFBC}") = "Flai.WP7", "..\Flai\Flai\Flai.WP7.csproj", "{0D5202D6-AA21-4682-83A6-5052136DE1F4}"
EndProject
Project("{FAE04EC0-301F-11D3-BF4B-00C04F79EFBC}") = "Skypiea", "Skypiea\Skypiea\Skypiea.csproj", "{E1E9A258-54E7-493A-8154-14F583F0FD50}"
EndProject
Project("{FAE04EC0-301F-11D3-BF4B-00C04F79EFBC}") = "SkypieaContent", "Skypiea\SkypieaContent\SkypieaContent.contentproj", "{BDB81562-3CC3-44B0-B723-5B575DEC8273}"
EndProject
Global
	GlobalSection(SolutionConfigurationPlatforms) = preSolution
		Debug|Any CPU = Debug|Any CPU
		Debug|Mixed Platforms = Debug|Mixed Platforms
		Debug|Windows Phone = Debug|Windows Phone
		Release|Any CPU = Release|Any CPU
		Release|Mixed Platforms = Release|Mixed Platforms
		Release|Windows Phone = Release|Windows Phone
	EndGlobalSection
	GlobalSection(ProjectConfigurationPlatforms) = postSolution
		{0D5202D6-AA21-4682-83A6-5052136DE1F4}.Debug|Any CPU.ActiveCfg = Debug|Windows Phone
		{0D5202D6-AA21-4682-83A6-5052136DE1F4}.Debug|Mixed Platforms.ActiveCfg = Debug|Windows Phone
		{0D5202D6-AA21-4682-83A6-5052136DE1F4}.Debug|Mixed Platforms.Build.0 = Debug|Windows Phone
		{0D5202D6-AA21-4682-83A6-5052136DE1F4}.Debug|Windows Phone.ActiveCfg = Debug|Windows Phone
		{0D5202D6-AA21-4682-83A6-5052136DE1F4}.Debug|Windows Phone.Build.0 = Debug|Windows Phone
		{0D5202D6-AA21-4682-83A6-5052136DE1F4}.Release|Any CPU.ActiveCfg = Release|Windows Phone
		{0D5202D6-AA21-4682-83A6-5052136DE1F4}.Release|Mixed Platforms.ActiveCfg = Release|Windows Phone
		{0D5202D6-AA21-4682-83A6-5052136DE1F4}.Release|Mixed Platforms.Build.0 = Release|Windows Phone
		{0D5202D6-AA21-4682-83A6-5052136DE1F4}.Release|Windows Phone.ActiveCfg = Release|Windows Phone
		{0D5202D6-AA21-4682-83A6-5052136DE1F4}.Release|Windows Phone.Build.0 = Release|Windows Phone
		{E1E9A258-54E7-493A-8154-14F583F0FD50}.Debug|Any CPU.ActiveCfg = Debug|Windows Phone
		{E1E9A258-54E7-493A-8154-14F583F0FD50}.Debug|Mixed Platforms.ActiveCfg = Debug|Windows Phone
		{E1E9A258-54E7-493A-8154-14F583F0FD50}.Debug|Mixed Platforms.Build.0 = Debug|Windows Phone
		{E1E9A258-54E7-493A-8154-14F583F0FD50}.Debug|Mixed Platforms.Deploy.0 = Debug|Windows Phone
		{E1E9A258-54E7-493A-8154-14F583F0FD50}.Debug|Windows Phone.ActiveCfg = Debug|Windows Phone
		{E1E9A258-54E7-493A-8154-14F583F0FD50}.Debug|Windows Phone.Build.0 = Debug|Windows Phone
		{E1E9A258-54E7-493A-8154-14F583F0FD50}.Debug|Windows Phone.Deploy.0 = Debug|Windows Phone
		{E1E9A258-54E7-493A-8154-14F583F0FD50}.Release|Any CPU.ActiveCfg = Release|Windows Phone
		{E1E9A258-54E7-493A-8154-14F583F0FD50}.Release|Mixed Platforms.ActiveCfg = Release|Windows Phone
		{E1E9A258-54E7-493A-8154-14F583F0FD50}.Release|Mixed Platforms.Build.0 = Release|Windows Phone
		{E1E9A258-54E7-493A-8154-14F583F0FD50}.Release|Mixed Platforms.Deploy.0 = Release|Windows Phone
		{E1E9A258-54E7-493A-8154-14F583F0FD50}.Release|Windows Phone.ActiveCfg = Release|Windows Phone
		{E1E9A258-54E7-493A-8154-14F583F0FD50}.Release|Windows Phone.Build.0 = Release|Windows Phone
		{E1E9A258-54E7-493A-8154-14F583F0FD50}.Release|Windows Phone.Deploy.0 = Release|Windows Phone
		{BDB81562-3CC3-44B0-B723-5B575DEC8273}.Debug|Any CPU.ActiveCfg = Debug|Windows Phone
		{BDB81562-3CC3-44B0-B723-5B575DEC8273}.Debug|Mixed Platforms.ActiveCfg = Debug|Windows Phone
		{BDB81562-3CC3-44B0-B723-5B575DEC8273}.Debug|Windows Phone.ActiveCfg = Debug|Windows Phone
		{BDB81562-3CC3-44B0-B723-5B575DEC8273}.Release|Any CPU.ActiveCfg = Release|Windows Phone
		{BDB81562-3CC3-44B0-B723-5B575DEC8273}.Release|Mixed Platforms.ActiveCfg = Release|Windows Phone
		{BDB81562-3CC3-44B0-B723-5B575DEC8273}.Release|Windows Phone.ActiveCfg = Release|Windows Phone
	EndGlobalSection
	GlobalSection(SolutionProperties) = preSolution
		HideSolutionNode = FALSE
	EndGlobalSection
EndGlobal
